// !$*UTF8*$!
{
	archiveVersion = 1;
	classes = {
	};
	objectVersion = 56;
	objects = {

/* Begin PBXBuildFile section */
		782F59A8F6D4769E3E745B49 /* Pods_TahalufTask_TahalufTaskUITests.framework in Frameworks */ = {isa = PBXBuildFile; fileRef = 347EBAA93335A27090C952E3 /* Pods_TahalufTask_TahalufTaskUITests.framework */; };
		797ACDA744820A760F5213D0 /* Pods_TahalufTask.framework in Frameworks */ = {isa = PBXBuildFile; fileRef = A26B769322F5FC5AADE78927 /* Pods_TahalufTask.framework */; };
		BB030E8F78E74601BA0E6EDE /* Pods_TahalufTaskTests.framework in Frameworks */ = {isa = PBXBuildFile; fileRef = 21618F2D9D04ACF239A7C203 /* Pods_TahalufTaskTests.framework */; };
		EB3F298F2C634EBB005FADA8 /* AppDelegate.swift in Sources */ = {isa = PBXBuildFile; fileRef = EB3F298E2C634EBB005FADA8 /* AppDelegate.swift */; };
		EB3F29912C634EBB005FADA8 /* SceneDelegate.swift in Sources */ = {isa = PBXBuildFile; fileRef = EB3F29902C634EBB005FADA8 /* SceneDelegate.swift */; };
		EB3F29932C634EBB005FADA8 /* ViewController.swift in Sources */ = {isa = PBXBuildFile; fileRef = EB3F29922C634EBB005FADA8 /* ViewController.swift */; };
		EB3F29962C634EBB005FADA8 /* Base in Resources */ = {isa = PBXBuildFile; fileRef = EB3F29952C634EBB005FADA8 /* Base */; };
		EB3F29982C634EBD005FADA8 /* Assets.xcassets in Resources */ = {isa = PBXBuildFile; fileRef = EB3F29972C634EBD005FADA8 /* Assets.xcassets */; };
		EB3F299B2C634EBD005FADA8 /* Base in Resources */ = {isa = PBXBuildFile; fileRef = EB3F299A2C634EBD005FADA8 /* Base */; };
		EB3F29A62C634EBD005FADA8 /* TahalufTaskTests.swift in Sources */ = {isa = PBXBuildFile; fileRef = EB3F29A52C634EBD005FADA8 /* TahalufTaskTests.swift */; };
		EB3F29B02C634EBD005FADA8 /* TahalufTaskUITests.swift in Sources */ = {isa = PBXBuildFile; fileRef = EB3F29AF2C634EBD005FADA8 /* TahalufTaskUITests.swift */; };
		EB3F29B22C634EBD005FADA8 /* TahalufTaskUITestsLaunchTests.swift in Sources */ = {isa = PBXBuildFile; fileRef = EB3F29B12C634EBD005FADA8 /* TahalufTaskUITestsLaunchTests.swift */; };
		EB3F29C02C6357FC005FADA8 /* University.swift in Sources */ = {isa = PBXBuildFile; fileRef = EB3F29BF2C6357FC005FADA8 /* University.swift */; };
		EB3F29C22C6359D7005FADA8 /* NetworkManager.swift in Sources */ = {isa = PBXBuildFile; fileRef = EB3F29C12C6359D7005FADA8 /* NetworkManager.swift */; };
		EB3F29C62C635CB5005FADA8 /* DatabaseManager.swift in Sources */ = {isa = PBXBuildFile; fileRef = EB3F29C52C635CB5005FADA8 /* DatabaseManager.swift */; };
		EB3F29C82C635D15005FADA8 /* ListingViewController.swift in Sources */ = {isa = PBXBuildFile; fileRef = EB3F29C72C635D15005FADA8 /* ListingViewController.swift */; };
		EB3F29CA2C635D31005FADA8 /* ListingInteractor.swift in Sources */ = {isa = PBXBuildFile; fileRef = EB3F29C92C635D31005FADA8 /* ListingInteractor.swift */; };
		EB3F29CC2C635D4B005FADA8 /* ListingPresenter.swift in Sources */ = {isa = PBXBuildFile; fileRef = EB3F29CB2C635D4B005FADA8 /* ListingPresenter.swift */; };
		EB3F29CE2C635D67005FADA8 /* ListingEntity.swift in Sources */ = {isa = PBXBuildFile; fileRef = EB3F29CD2C635D67005FADA8 /* ListingEntity.swift */; };
		EB3F29D02C635D76005FADA8 /* ListingRouter.swift in Sources */ = {isa = PBXBuildFile; fileRef = EB3F29CF2C635D76005FADA8 /* ListingRouter.swift */; };
		EB3F29D22C635DC0005FADA8 /* Protocols.swift in Sources */ = {isa = PBXBuildFile; fileRef = EB3F29D12C635DC0005FADA8 /* Protocols.swift */; };
		EB3F29D52C635DFB005FADA8 /* DetailViewController.swift in Sources */ = {isa = PBXBuildFile; fileRef = EB3F29D42C635DFB005FADA8 /* DetailViewController.swift */; };
		EB3F29D72C635E24005FADA8 /* DetailInteractor.swift in Sources */ = {isa = PBXBuildFile; fileRef = EB3F29D62C635E24005FADA8 /* DetailInteractor.swift */; };
		EB3F29D92C635E37005FADA8 /* DetailPresenter.swift in Sources */ = {isa = PBXBuildFile; fileRef = EB3F29D82C635E37005FADA8 /* DetailPresenter.swift */; };
		EB3F29DB2C635E48005FADA8 /* DetailRouter.swift in Sources */ = {isa = PBXBuildFile; fileRef = EB3F29DA2C635E48005FADA8 /* DetailRouter.swift */; };
		EB3F29DD2C6376AE005FADA8 /* Readme.md in Resources */ = {isa = PBXBuildFile; fileRef = EB3F29DC2C6376AE005FADA8 /* Readme.md */; };
/* End PBXBuildFile section */

/* Begin PBXContainerItemProxy section */
		EB3F29A22C634EBD005FADA8 /* PBXContainerItemProxy */ = {
			isa = PBXContainerItemProxy;
			containerPortal = EB3F29832C634EBB005FADA8 /* Project object */;
			proxyType = 1;
			remoteGlobalIDString = EB3F298A2C634EBB005FADA8;
			remoteInfo = TahalufTask;
		};
		EB3F29AC2C634EBD005FADA8 /* PBXContainerItemProxy */ = {
			isa = PBXContainerItemProxy;
			containerPortal = EB3F29832C634EBB005FADA8 /* Project object */;
			proxyType = 1;
			remoteGlobalIDString = EB3F298A2C634EBB005FADA8;
			remoteInfo = TahalufTask;
		};
/* End PBXContainerItemProxy section */

/* Begin PBXFileReference section */
		21618F2D9D04ACF239A7C203 /* Pods_TahalufTaskTests.framework */ = {isa = PBXFileReference; explicitFileType = wrapper.framework; includeInIndex = 0; path = Pods_TahalufTaskTests.framework; sourceTree = BUILT_PRODUCTS_DIR; };
		29558F6C69B57D7453DD3E64 /* Pods-TahalufTask.debug.xcconfig */ = {isa = PBXFileReference; includeInIndex = 1; lastKnownFileType = text.xcconfig; name = "Pods-TahalufTask.debug.xcconfig"; path = "Target Support Files/Pods-TahalufTask/Pods-TahalufTask.debug.xcconfig"; sourceTree = "<group>"; };
		2AC9CC299EDCB5B31F3CAA22 /* Pods-TahalufTaskTests.release.xcconfig */ = {isa = PBXFileReference; includeInIndex = 1; lastKnownFileType = text.xcconfig; name = "Pods-TahalufTaskTests.release.xcconfig"; path = "Target Support Files/Pods-TahalufTaskTests/Pods-TahalufTaskTests.release.xcconfig"; sourceTree = "<group>"; };
		347EBAA93335A27090C952E3 /* Pods_TahalufTask_TahalufTaskUITests.framework */ = {isa = PBXFileReference; explicitFileType = wrapper.framework; includeInIndex = 0; path = Pods_TahalufTask_TahalufTaskUITests.framework; sourceTree = BUILT_PRODUCTS_DIR; };
		3CC270F1FEF256B1910EC981 /* Pods-TahalufTask-TahalufTaskUITests.debug.xcconfig */ = {isa = PBXFileReference; includeInIndex = 1; lastKnownFileType = text.xcconfig; name = "Pods-TahalufTask-TahalufTaskUITests.debug.xcconfig"; path = "Target Support Files/Pods-TahalufTask-TahalufTaskUITests/Pods-TahalufTask-TahalufTaskUITests.debug.xcconfig"; sourceTree = "<group>"; };
		A26B769322F5FC5AADE78927 /* Pods_TahalufTask.framework */ = {isa = PBXFileReference; explicitFileType = wrapper.framework; includeInIndex = 0; path = Pods_TahalufTask.framework; sourceTree = BUILT_PRODUCTS_DIR; };
		AA6F04EE8255138806630AD4 /* Pods-TahalufTask.release.xcconfig */ = {isa = PBXFileReference; includeInIndex = 1; lastKnownFileType = text.xcconfig; name = "Pods-TahalufTask.release.xcconfig"; path = "Target Support Files/Pods-TahalufTask/Pods-TahalufTask.release.xcconfig"; sourceTree = "<group>"; };
		EB3F298B2C634EBB005FADA8 /* TahalufTask.app */ = {isa = PBXFileReference; explicitFileType = wrapper.application; includeInIndex = 0; path = TahalufTask.app; sourceTree = BUILT_PRODUCTS_DIR; };
		EB3F298E2C634EBB005FADA8 /* AppDelegate.swift */ = {isa = PBXFileReference; lastKnownFileType = sourcecode.swift; path = AppDelegate.swift; sourceTree = "<group>"; };
		EB3F29902C634EBB005FADA8 /* SceneDelegate.swift */ = {isa = PBXFileReference; lastKnownFileType = sourcecode.swift; path = SceneDelegate.swift; sourceTree = "<group>"; };
		EB3F29922C634EBB005FADA8 /* ViewController.swift */ = {isa = PBXFileReference; lastKnownFileType = sourcecode.swift; path = ViewController.swift; sourceTree = "<group>"; };
		EB3F29952C634EBB005FADA8 /* Base */ = {isa = PBXFileReference; lastKnownFileType = file.storyboard; name = Base; path = Base.lproj/Main.storyboard; sourceTree = "<group>"; };
		EB3F29972C634EBD005FADA8 /* Assets.xcassets */ = {isa = PBXFileReference; lastKnownFileType = folder.assetcatalog; path = Assets.xcassets; sourceTree = "<group>"; };
		EB3F299A2C634EBD005FADA8 /* Base */ = {isa = PBXFileReference; lastKnownFileType = file.storyboard; name = Base; path = Base.lproj/LaunchScreen.storyboard; sourceTree = "<group>"; };
		EB3F299C2C634EBD005FADA8 /* Info.plist */ = {isa = PBXFileReference; lastKnownFileType = text.plist.xml; path = Info.plist; sourceTree = "<group>"; };
		EB3F29A12C634EBD005FADA8 /* TahalufTaskTests.xctest */ = {isa = PBXFileReference; explicitFileType = wrapper.cfbundle; includeInIndex = 0; path = TahalufTaskTests.xctest; sourceTree = BUILT_PRODUCTS_DIR; };
		EB3F29A52C634EBD005FADA8 /* TahalufTaskTests.swift */ = {isa = PBXFileReference; lastKnownFileType = sourcecode.swift; path = TahalufTaskTests.swift; sourceTree = "<group>"; };
		EB3F29AB2C634EBD005FADA8 /* TahalufTaskUITests.xctest */ = {isa = PBXFileReference; explicitFileType = wrapper.cfbundle; includeInIndex = 0; path = TahalufTaskUITests.xctest; sourceTree = BUILT_PRODUCTS_DIR; };
		EB3F29AF2C634EBD005FADA8 /* TahalufTaskUITests.swift */ = {isa = PBXFileReference; lastKnownFileType = sourcecode.swift; path = TahalufTaskUITests.swift; sourceTree = "<group>"; };
		EB3F29B12C634EBD005FADA8 /* TahalufTaskUITestsLaunchTests.swift */ = {isa = PBXFileReference; lastKnownFileType = sourcecode.swift; path = TahalufTaskUITestsLaunchTests.swift; sourceTree = "<group>"; };
		EB3F29BF2C6357FC005FADA8 /* University.swift */ = {isa = PBXFileReference; lastKnownFileType = sourcecode.swift; path = University.swift; sourceTree = "<group>"; };
		EB3F29C12C6359D7005FADA8 /* NetworkManager.swift */ = {isa = PBXFileReference; lastKnownFileType = sourcecode.swift; path = NetworkManager.swift; sourceTree = "<group>"; };
		EB3F29C52C635CB5005FADA8 /* DatabaseManager.swift */ = {isa = PBXFileReference; lastKnownFileType = sourcecode.swift; path = DatabaseManager.swift; sourceTree = "<group>"; };
		EB3F29C72C635D15005FADA8 /* ListingViewController.swift */ = {isa = PBXFileReference; lastKnownFileType = sourcecode.swift; path = ListingViewController.swift; sourceTree = "<group>"; };
		EB3F29C92C635D31005FADA8 /* ListingInteractor.swift */ = {isa = PBXFileReference; lastKnownFileType = sourcecode.swift; path = ListingInteractor.swift; sourceTree = "<group>"; };
		EB3F29CB2C635D4B005FADA8 /* ListingPresenter.swift */ = {isa = PBXFileReference; lastKnownFileType = sourcecode.swift; path = ListingPresenter.swift; sourceTree = "<group>"; };
		EB3F29CD2C635D67005FADA8 /* ListingEntity.swift */ = {isa = PBXFileReference; lastKnownFileType = sourcecode.swift; path = ListingEntity.swift; sourceTree = "<group>"; };
		EB3F29CF2C635D76005FADA8 /* ListingRouter.swift */ = {isa = PBXFileReference; lastKnownFileType = sourcecode.swift; path = ListingRouter.swift; sourceTree = "<group>"; };
		EB3F29D12C635DC0005FADA8 /* Protocols.swift */ = {isa = PBXFileReference; lastKnownFileType = sourcecode.swift; path = Protocols.swift; sourceTree = "<group>"; };
		EB3F29D42C635DFB005FADA8 /* DetailViewController.swift */ = {isa = PBXFileReference; lastKnownFileType = sourcecode.swift; path = DetailViewController.swift; sourceTree = "<group>"; };
		EB3F29D62C635E24005FADA8 /* DetailInteractor.swift */ = {isa = PBXFileReference; lastKnownFileType = sourcecode.swift; path = DetailInteractor.swift; sourceTree = "<group>"; };
		EB3F29D82C635E37005FADA8 /* DetailPresenter.swift */ = {isa = PBXFileReference; lastKnownFileType = sourcecode.swift; path = DetailPresenter.swift; sourceTree = "<group>"; };
		EB3F29DA2C635E48005FADA8 /* DetailRouter.swift */ = {isa = PBXFileReference; lastKnownFileType = sourcecode.swift; path = DetailRouter.swift; sourceTree = "<group>"; };
		EB3F29DC2C6376AE005FADA8 /* Readme.md */ = {isa = PBXFileReference; lastKnownFileType = net.daringfireball.markdown; path = Readme.md; sourceTree = "<group>"; };
		F308EAB34A5C55AF89C5FDF9 /* Pods-TahalufTaskTests.debug.xcconfig */ = {isa = PBXFileReference; includeInIndex = 1; lastKnownFileType = text.xcconfig; name = "Pods-TahalufTaskTests.debug.xcconfig"; path = "Target Support Files/Pods-TahalufTaskTests/Pods-TahalufTaskTests.debug.xcconfig"; sourceTree = "<group>"; };
		FEB739FAD3221F8BC0C7FE6A /* Pods-TahalufTask-TahalufTaskUITests.release.xcconfig */ = {isa = PBXFileReference; includeInIndex = 1; lastKnownFileType = text.xcconfig; name = "Pods-TahalufTask-TahalufTaskUITests.release.xcconfig"; path = "Target Support Files/Pods-TahalufTask-TahalufTaskUITests/Pods-TahalufTask-TahalufTaskUITests.release.xcconfig"; sourceTree = "<group>"; };
/* End PBXFileReference section */

/* Begin PBXFrameworksBuildPhase section */
		EB3F29882C634EBB005FADA8 /* Frameworks */ = {
			isa = PBXFrameworksBuildPhase;
			buildActionMask = 2147483647;
			files = (
				797ACDA744820A760F5213D0 /* Pods_TahalufTask.framework in Frameworks */,
			);
			runOnlyForDeploymentPostprocessing = 0;
		};
		EB3F299E2C634EBD005FADA8 /* Frameworks */ = {
			isa = PBXFrameworksBuildPhase;
			buildActionMask = 2147483647;
			files = (
				BB030E8F78E74601BA0E6EDE /* Pods_TahalufTaskTests.framework in Frameworks */,
			);
			runOnlyForDeploymentPostprocessing = 0;
		};
		EB3F29A82C634EBD005FADA8 /* Frameworks */ = {
			isa = PBXFrameworksBuildPhase;
			buildActionMask = 2147483647;
			files = (
				782F59A8F6D4769E3E745B49 /* Pods_TahalufTask_TahalufTaskUITests.framework in Frameworks */,
			);
			runOnlyForDeploymentPostprocessing = 0;
		};
/* End PBXFrameworksBuildPhase section */

/* Begin PBXGroup section */
		61486DA3C07EB599B8530D30 /* Pods */ = {
			isa = PBXGroup;
			children = (
				29558F6C69B57D7453DD3E64 /* Pods-TahalufTask.debug.xcconfig */,
				AA6F04EE8255138806630AD4 /* Pods-TahalufTask.release.xcconfig */,
				3CC270F1FEF256B1910EC981 /* Pods-TahalufTask-TahalufTaskUITests.debug.xcconfig */,
				FEB739FAD3221F8BC0C7FE6A /* Pods-TahalufTask-TahalufTaskUITests.release.xcconfig */,
				F308EAB34A5C55AF89C5FDF9 /* Pods-TahalufTaskTests.debug.xcconfig */,
				2AC9CC299EDCB5B31F3CAA22 /* Pods-TahalufTaskTests.release.xcconfig */,
			);
			path = Pods;
			sourceTree = "<group>";
		};
		844D6717E98EDECFB016E786 /* Frameworks */ = {
			isa = PBXGroup;
			children = (
				A26B769322F5FC5AADE78927 /* Pods_TahalufTask.framework */,
				347EBAA93335A27090C952E3 /* Pods_TahalufTask_TahalufTaskUITests.framework */,
				21618F2D9D04ACF239A7C203 /* Pods_TahalufTaskTests.framework */,
			);
			name = Frameworks;
			sourceTree = "<group>";
		};
		EB3F29822C634EBB005FADA8 = {
			isa = PBXGroup;
			children = (
				EB3F29DC2C6376AE005FADA8 /* Readme.md */,
				EB3F298D2C634EBB005FADA8 /* TahalufTask */,
				EB3F29A42C634EBD005FADA8 /* TahalufTaskTests */,
				EB3F29AE2C634EBD005FADA8 /* TahalufTaskUITests */,
				EB3F298C2C634EBB005FADA8 /* Products */,
				61486DA3C07EB599B8530D30 /* Pods */,
				844D6717E98EDECFB016E786 /* Frameworks */,
			);
			sourceTree = "<group>";
		};
		EB3F298C2C634EBB005FADA8 /* Products */ = {
			isa = PBXGroup;
			children = (
				EB3F298B2C634EBB005FADA8 /* TahalufTask.app */,
				EB3F29A12C634EBD005FADA8 /* TahalufTaskTests.xctest */,
				EB3F29AB2C634EBD005FADA8 /* TahalufTaskUITests.xctest */,
			);
			name = Products;
			sourceTree = "<group>";
		};
		EB3F298D2C634EBB005FADA8 /* TahalufTask */ = {
			isa = PBXGroup;
			children = (
				EB3F29D32C635DE8005FADA8 /* DetailsModule */,
				EB3F29BE2C634EED005FADA8 /* ModuleA */,
				EB3F298E2C634EBB005FADA8 /* AppDelegate.swift */,
				EB3F29902C634EBB005FADA8 /* SceneDelegate.swift */,
				EB3F29922C634EBB005FADA8 /* ViewController.swift */,
				EB3F29942C634EBB005FADA8 /* Main.storyboard */,
				EB3F29972C634EBD005FADA8 /* Assets.xcassets */,
				EB3F29992C634EBD005FADA8 /* LaunchScreen.storyboard */,
				EB3F299C2C634EBD005FADA8 /* Info.plist */,
				EB3F29C12C6359D7005FADA8 /* NetworkManager.swift */,
				EB3F29C52C635CB5005FADA8 /* DatabaseManager.swift */,
				EB3F29D12C635DC0005FADA8 /* Protocols.swift */,
			);
			path = TahalufTask;
			sourceTree = "<group>";
		};
		EB3F29A42C634EBD005FADA8 /* TahalufTaskTests */ = {
			isa = PBXGroup;
			children = (
				EB3F29A52C634EBD005FADA8 /* TahalufTaskTests.swift */,
			);
			path = TahalufTaskTests;
			sourceTree = "<group>";
		};
		EB3F29AE2C634EBD005FADA8 /* TahalufTaskUITests */ = {
			isa = PBXGroup;
			children = (
				EB3F29AF2C634EBD005FADA8 /* TahalufTaskUITests.swift */,
				EB3F29B12C634EBD005FADA8 /* TahalufTaskUITestsLaunchTests.swift */,
			);
			path = TahalufTaskUITests;
			sourceTree = "<group>";
		};
		EB3F29BE2C634EED005FADA8 /* ModuleA */ = {
			isa = PBXGroup;
			children = (
				EB3F29BF2C6357FC005FADA8 /* University.swift */,
				EB3F29C72C635D15005FADA8 /* ListingViewController.swift */,
				EB3F29C92C635D31005FADA8 /* ListingInteractor.swift */,
				EB3F29CB2C635D4B005FADA8 /* ListingPresenter.swift */,
				EB3F29CD2C635D67005FADA8 /* ListingEntity.swift */,
				EB3F29CF2C635D76005FADA8 /* ListingRouter.swift */,
			);
			path = ModuleA;
			sourceTree = "<group>";
		};
		EB3F29D32C635DE8005FADA8 /* DetailsModule */ = {
			isa = PBXGroup;
			children = (
				EB3F29D42C635DFB005FADA8 /* DetailViewController.swift */,
				EB3F29D62C635E24005FADA8 /* DetailInteractor.swift */,
				EB3F29D82C635E37005FADA8 /* DetailPresenter.swift */,
				EB3F29DA2C635E48005FADA8 /* DetailRouter.swift */,
			);
			path = DetailsModule;
			sourceTree = "<group>";
		};
/* End PBXGroup section */

/* Begin PBXNativeTarget section */
		EB3F298A2C634EBB005FADA8 /* TahalufTask */ = {
			isa = PBXNativeTarget;
			buildConfigurationList = EB3F29B52C634EBD005FADA8 /* Build configuration list for PBXNativeTarget "TahalufTask" */;
			buildPhases = (
				3A1910413056D0C4B6390CFF /* [CP] Check Pods Manifest.lock */,
				EB3F29872C634EBB005FADA8 /* Sources */,
				EB3F29882C634EBB005FADA8 /* Frameworks */,
				EB3F29892C634EBB005FADA8 /* Resources */,
				653888872519D42C70872BAD /* [CP] Embed Pods Frameworks */,
			);
			buildRules = (
			);
			dependencies = (
			);
			name = TahalufTask;
			productName = TahalufTask;
			productReference = EB3F298B2C634EBB005FADA8 /* TahalufTask.app */;
			productType = "com.apple.product-type.application";
		};
		EB3F29A02C634EBD005FADA8 /* TahalufTaskTests */ = {
			isa = PBXNativeTarget;
			buildConfigurationList = EB3F29B82C634EBD005FADA8 /* Build configuration list for PBXNativeTarget "TahalufTaskTests" */;
			buildPhases = (
				7500670A5C5D81AA443689C4 /* [CP] Check Pods Manifest.lock */,
				EB3F299D2C634EBD005FADA8 /* Sources */,
				EB3F299E2C634EBD005FADA8 /* Frameworks */,
				EB3F299F2C634EBD005FADA8 /* Resources */,
			);
			buildRules = (
			);
			dependencies = (
				EB3F29A32C634EBD005FADA8 /* PBXTargetDependency */,
			);
			name = TahalufTaskTests;
			productName = TahalufTaskTests;
			productReference = EB3F29A12C634EBD005FADA8 /* TahalufTaskTests.xctest */;
			productType = "com.apple.product-type.bundle.unit-test";
		};
		EB3F29AA2C634EBD005FADA8 /* TahalufTaskUITests */ = {
			isa = PBXNativeTarget;
			buildConfigurationList = EB3F29BB2C634EBD005FADA8 /* Build configuration list for PBXNativeTarget "TahalufTaskUITests" */;
			buildPhases = (
				7D7BB0C31A2B202789766439 /* [CP] Check Pods Manifest.lock */,
				EB3F29A72C634EBD005FADA8 /* Sources */,
				EB3F29A82C634EBD005FADA8 /* Frameworks */,
				EB3F29A92C634EBD005FADA8 /* Resources */,
				08A24898588A201349B4BC39 /* [CP] Embed Pods Frameworks */,
			);
			buildRules = (
			);
			dependencies = (
				EB3F29AD2C634EBD005FADA8 /* PBXTargetDependency */,
			);
			name = TahalufTaskUITests;
			productName = TahalufTaskUITests;
			productReference = EB3F29AB2C634EBD005FADA8 /* TahalufTaskUITests.xctest */;
			productType = "com.apple.product-type.bundle.ui-testing";
		};
/* End PBXNativeTarget section */

/* Begin PBXProject section */
		EB3F29832C634EBB005FADA8 /* Project object */ = {
			isa = PBXProject;
			attributes = {
				BuildIndependentTargetsInParallel = 1;
				LastSwiftUpdateCheck = 1540;
				LastUpgradeCheck = 1540;
				TargetAttributes = {
					EB3F298A2C634EBB005FADA8 = {
						CreatedOnToolsVersion = 15.4;
					};
					EB3F29A02C634EBD005FADA8 = {
						CreatedOnToolsVersion = 15.4;
						TestTargetID = EB3F298A2C634EBB005FADA8;
					};
					EB3F29AA2C634EBD005FADA8 = {
						CreatedOnToolsVersion = 15.4;
						TestTargetID = EB3F298A2C634EBB005FADA8;
					};
				};
			};
			buildConfigurationList = EB3F29862C634EBB005FADA8 /* Build configuration list for PBXProject "TahalufTask" */;
			compatibilityVersion = "Xcode 14.0";
			developmentRegion = en;
			hasScannedForEncodings = 0;
			knownRegions = (
				en,
				Base,
			);
			mainGroup = EB3F29822C634EBB005FADA8;
			productRefGroup = EB3F298C2C634EBB005FADA8 /* Products */;
			projectDirPath = "";
			projectRoot = "";
			targets = (
				EB3F298A2C634EBB005FADA8 /* TahalufTask */,
				EB3F29A02C634EBD005FADA8 /* TahalufTaskTests */,
				EB3F29AA2C634EBD005FADA8 /* TahalufTaskUITests */,
			);
		};
/* End PBXProject section */

/* Begin PBXResourcesBuildPhase section */
		EB3F29892C634EBB005FADA8 /* Resources */ = {
			isa = PBXResourcesBuildPhase;
			buildActionMask = 2147483647;
			files = (
				EB3F29982C634EBD005FADA8 /* Assets.xcassets in Resources */,
				EB3F299B2C634EBD005FADA8 /* Base in Resources */,
				EB3F29DD2C6376AE005FADA8 /* Readme.md in Resources */,
				EB3F29962C634EBB005FADA8 /* Base in Resources */,
			);
			runOnlyForDeploymentPostprocessing = 0;
		};
		EB3F299F2C634EBD005FADA8 /* Resources */ = {
			isa = PBXResourcesBuildPhase;
			buildActionMask = 2147483647;
			files = (
			);
			runOnlyForDeploymentPostprocessing = 0;
		};
		EB3F29A92C634EBD005FADA8 /* Resources */ = {
			isa = PBXResourcesBuildPhase;
			buildActionMask = 2147483647;
			files = (
			);
			runOnlyForDeploymentPostprocessing = 0;
		};
/* End PBXResourcesBuildPhase section */

/* Begin PBXShellScriptBuildPhase section */
		08A24898588A201349B4BC39 /* [CP] Embed Pods Frameworks */ = {
			isa = PBXShellScriptBuildPhase;
			buildActionMask = 2147483647;
			files = (
			);
			inputFileListPaths = (
				"${PODS_ROOT}/Target Support Files/Pods-TahalufTask-TahalufTaskUITests/Pods-TahalufTask-TahalufTaskUITests-frameworks-${CONFIGURATION}-input-files.xcfilelist",
			);
			name = "[CP] Embed Pods Frameworks";
			outputFileListPaths = (
				"${PODS_ROOT}/Target Support Files/Pods-TahalufTask-TahalufTaskUITests/Pods-TahalufTask-TahalufTaskUITests-frameworks-${CONFIGURATION}-output-files.xcfilelist",
			);
			runOnlyForDeploymentPostprocessing = 0;
			shellPath = /bin/sh;
			shellScript = "\"${PODS_ROOT}/Target Support Files/Pods-TahalufTask-TahalufTaskUITests/Pods-TahalufTask-TahalufTaskUITests-frameworks.sh\"\n";
			showEnvVarsInLog = 0;
		};
		3A1910413056D0C4B6390CFF /* [CP] Check Pods Manifest.lock */ = {
			isa = PBXShellScriptBuildPhase;
			buildActionMask = 2147483647;
			files = (
			);
			inputFileListPaths = (
			);
			inputPaths = (
				"${PODS_PODFILE_DIR_PATH}/Podfile.lock",
				"${PODS_ROOT}/Manifest.lock",
			);
			name = "[CP] Check Pods Manifest.lock";
			outputFileListPaths = (
			);
			outputPaths = (
				"$(DERIVED_FILE_DIR)/Pods-TahalufTask-checkManifestLockResult.txt",
			);
			runOnlyForDeploymentPostprocessing = 0;
			shellPath = /bin/sh;
			shellScript = "diff \"${PODS_PODFILE_DIR_PATH}/Podfile.lock\" \"${PODS_ROOT}/Manifest.lock\" > /dev/null\nif [ $? != 0 ] ; then\n    # print error to STDERR\n    echo \"error: The sandbox is not in sync with the Podfile.lock. Run 'pod install' or update your CocoaPods installation.\" >&2\n    exit 1\nfi\n# This output is used by Xcode 'outputs' to avoid re-running this script phase.\necho \"SUCCESS\" > \"${SCRIPT_OUTPUT_FILE_0}\"\n";
			showEnvVarsInLog = 0;
		};
		653888872519D42C70872BAD /* [CP] Embed Pods Frameworks */ = {
			isa = PBXShellScriptBuildPhase;
			buildActionMask = 2147483647;
			files = (
			);
			inputFileListPaths = (
				"${PODS_ROOT}/Target Support Files/Pods-TahalufTask/Pods-TahalufTask-frameworks-${CONFIGURATION}-input-files.xcfilelist",
			);
			name = "[CP] Embed Pods Frameworks";
			outputFileListPaths = (
				"${PODS_ROOT}/Target Support Files/Pods-TahalufTask/Pods-TahalufTask-frameworks-${CONFIGURATION}-output-files.xcfilelist",
			);
			runOnlyForDeploymentPostprocessing = 0;
			shellPath = /bin/sh;
			shellScript = "\"${PODS_ROOT}/Target Support Files/Pods-TahalufTask/Pods-TahalufTask-frameworks.sh\"\n";
			showEnvVarsInLog = 0;
		};
		7500670A5C5D81AA443689C4 /* [CP] Check Pods Manifest.lock */ = {
			isa = PBXShellScriptBuildPhase;
			buildActionMask = 2147483647;
			files = (
			);
			inputFileListPaths = (
			);
			inputPaths = (
				"${PODS_PODFILE_DIR_PATH}/Podfile.lock",
				"${PODS_ROOT}/Manifest.lock",
			);
			name = "[CP] Check Pods Manifest.lock";
			outputFileListPaths = (
			);
			outputPaths = (
				"$(DERIVED_FILE_DIR)/Pods-TahalufTaskTests-checkManifestLockResult.txt",
			);
			runOnlyForDeploymentPostprocessing = 0;
			shellPath = /bin/sh;
			shellScript = "diff \"${PODS_PODFILE_DIR_PATH}/Podfile.lock\" \"${PODS_ROOT}/Manifest.lock\" > /dev/null\nif [ $? != 0 ] ; then\n    # print error to STDERR\n    echo \"error: The sandbox is not in sync with the Podfile.lock. Run 'pod install' or update your CocoaPods installation.\" >&2\n    exit 1\nfi\n# This output is used by Xcode 'outputs' to avoid re-running this script phase.\necho \"SUCCESS\" > \"${SCRIPT_OUTPUT_FILE_0}\"\n";
			showEnvVarsInLog = 0;
		};
		7D7BB0C31A2B202789766439 /* [CP] Check Pods Manifest.lock */ = {
			isa = PBXShellScriptBuildPhase;
			buildActionMask = 2147483647;
			files = (
			);
			inputFileListPaths = (
			);
			inputPaths = (
				"${PODS_PODFILE_DIR_PATH}/Podfile.lock",
				"${PODS_ROOT}/Manifest.lock",
			);
			name = "[CP] Check Pods Manifest.lock";
			outputFileListPaths = (
			);
			outputPaths = (
				"$(DERIVED_FILE_DIR)/Pods-TahalufTask-TahalufTaskUITests-checkManifestLockResult.txt",
			);
			runOnlyForDeploymentPostprocessing = 0;
			shellPath = /bin/sh;
			shellScript = "diff \"${PODS_PODFILE_DIR_PATH}/Podfile.lock\" \"${PODS_ROOT}/Manifest.lock\" > /dev/null\nif [ $? != 0 ] ; then\n    # print error to STDERR\n    echo \"error: The sandbox is not in sync with the Podfile.lock. Run 'pod install' or update your CocoaPods installation.\" >&2\n    exit 1\nfi\n# This output is used by Xcode 'outputs' to avoid re-running this script phase.\necho \"SUCCESS\" > \"${SCRIPT_OUTPUT_FILE_0}\"\n";
			showEnvVarsInLog = 0;
		};
/* End PBXShellScriptBuildPhase section */

/* Begin PBXSourcesBuildPhase section */
		EB3F29872C634EBB005FADA8 /* Sources */ = {
			isa = PBXSourcesBuildPhase;
			buildActionMask = 2147483647;
			files = (
				EB3F29D52C635DFB005FADA8 /* DetailViewController.swift in Sources */,
				EB3F29DB2C635E48005FADA8 /* DetailRouter.swift in Sources */,
				EB3F29D02C635D76005FADA8 /* ListingRouter.swift in Sources */,
				EB3F29932C634EBB005FADA8 /* ViewController.swift in Sources */,
				EB3F29C02C6357FC005FADA8 /* University.swift in Sources */,
				EB3F29D22C635DC0005FADA8 /* Protocols.swift in Sources */,
				EB3F29C62C635CB5005FADA8 /* DatabaseManager.swift in Sources */,
				EB3F29C22C6359D7005FADA8 /* NetworkManager.swift in Sources */,
				EB3F29C82C635D15005FADA8 /* ListingViewController.swift in Sources */,
				EB3F29D92C635E37005FADA8 /* DetailPresenter.swift in Sources */,
				EB3F29CC2C635D4B005FADA8 /* ListingPresenter.swift in Sources */,
				EB3F298F2C634EBB005FADA8 /* AppDelegate.swift in Sources */,
				EB3F29912C634EBB005FADA8 /* SceneDelegate.swift in Sources */,
				EB3F29D72C635E24005FADA8 /* DetailInteractor.swift in Sources */,
				EB3F29CA2C635D31005FADA8 /* ListingInteractor.swift in Sources */,
				EB3F29CE2C635D67005FADA8 /* ListingEntity.swift in Sources */,
			);
			runOnlyForDeploymentPostprocessing = 0;
		};
		EB3F299D2C634EBD005FADA8 /* Sources */ = {
			isa = PBXSourcesBuildPhase;
			buildActionMask = 2147483647;
			files = (
				EB3F29A62C634EBD005FADA8 /* TahalufTaskTests.swift in Sources */,
			);
			runOnlyForDeploymentPostprocessing = 0;
		};
		EB3F29A72C634EBD005FADA8 /* Sources */ = {
			isa = PBXSourcesBuildPhase;
			buildActionMask = 2147483647;
			files = (
				EB3F29B02C634EBD005FADA8 /* TahalufTaskUITests.swift in Sources */,
				EB3F29B22C634EBD005FADA8 /* TahalufTaskUITestsLaunchTests.swift in Sources */,
			);
			runOnlyForDeploymentPostprocessing = 0;
		};
/* End PBXSourcesBuildPhase section */

/* Begin PBXTargetDependency section */
		EB3F29A32C634EBD005FADA8 /* PBXTargetDependency */ = {
			isa = PBXTargetDependency;
			target = EB3F298A2C634EBB005FADA8 /* TahalufTask */;
			targetProxy = EB3F29A22C634EBD005FADA8 /* PBXContainerItemProxy */;
		};
		EB3F29AD2C634EBD005FADA8 /* PBXTargetDependency */ = {
			isa = PBXTargetDependency;
			target = EB3F298A2C634EBB005FADA8 /* TahalufTask */;
			targetProxy = EB3F29AC2C634EBD005FADA8 /* PBXContainerItemProxy */;
		};
/* End PBXTargetDependency section */

/* Begin PBXVariantGroup section */
		EB3F29942C634EBB005FADA8 /* Main.storyboard */ = {
			isa = PBXVariantGroup;
			children = (
				EB3F29952C634EBB005FADA8 /* Base */,
			);
			name = Main.storyboard;
			sourceTree = "<group>";
		};
		EB3F29992C634EBD005FADA8 /* LaunchScreen.storyboard */ = {
			isa = PBXVariantGroup;
			children = (
				EB3F299A2C634EBD005FADA8 /* Base */,
			);
			name = LaunchScreen.storyboard;
			sourceTree = "<group>";
		};
/* End PBXVariantGroup section */

/* Begin XCBuildConfiguration section */
		EB3F29B32C634EBD005FADA8 /* Debug */ = {
			isa = XCBuildConfiguration;
			buildSettings = {
				ALWAYS_SEARCH_USER_PATHS = NO;
				ASSETCATALOG_COMPILER_GENERATE_SWIFT_ASSET_SYMBOL_EXTENSIONS = YES;
				CLANG_ANALYZER_NONNULL = YES;
				CLANG_ANALYZER_NUMBER_OBJECT_CONVERSION = YES_AGGRESSIVE;
				CLANG_CXX_LANGUAGE_STANDARD = "gnu++20";
				CLANG_ENABLE_MODULES = YES;
				CLANG_ENABLE_OBJC_ARC = YES;
				CLANG_ENABLE_OBJC_WEAK = YES;
				CLANG_WARN_BLOCK_CAPTURE_AUTORELEASING = YES;
				CLANG_WARN_BOOL_CONVERSION = YES;
				CLANG_WARN_COMMA = YES;
				CLANG_WARN_CONSTANT_CONVERSION = YES;
				CLANG_WARN_DEPRECATED_OBJC_IMPLEMENTATIONS = YES;
				CLANG_WARN_DIRECT_OBJC_ISA_USAGE = YES_ERROR;
				CLANG_WARN_DOCUMENTATION_COMMENTS = YES;
				CLANG_WARN_EMPTY_BODY = YES;
				CLANG_WARN_ENUM_CONVERSION = YES;
				CLANG_WARN_INFINITE_RECURSION = YES;
				CLANG_WARN_INT_CONVERSION = YES;
				CLANG_WARN_NON_LITERAL_NULL_CONVERSION = YES;
				CLANG_WARN_OBJC_IMPLICIT_RETAIN_SELF = YES;
				CLANG_WARN_OBJC_LITERAL_CONVERSION = YES;
				CLANG_WARN_OBJC_ROOT_CLASS = YES_ERROR;
				CLANG_WARN_QUOTED_INCLUDE_IN_FRAMEWORK_HEADER = YES;
				CLANG_WARN_RANGE_LOOP_ANALYSIS = YES;
				CLANG_WARN_STRICT_PROTOTYPES = YES;
				CLANG_WARN_SUSPICIOUS_MOVE = YES;
				CLANG_WARN_UNGUARDED_AVAILABILITY = YES_AGGRESSIVE;
				CLANG_WARN_UNREACHABLE_CODE = YES;
				CLANG_WARN__DUPLICATE_METHOD_MATCH = YES;
				COPY_PHASE_STRIP = NO;
				DEBUG_INFORMATION_FORMAT = dwarf;
				ENABLE_STRICT_OBJC_MSGSEND = YES;
				ENABLE_TESTABILITY = YES;
				ENABLE_USER_SCRIPT_SANDBOXING = YES;
				GCC_C_LANGUAGE_STANDARD = gnu17;
				GCC_DYNAMIC_NO_PIC = NO;
				GCC_NO_COMMON_BLOCKS = YES;
				GCC_OPTIMIZATION_LEVEL = 0;
				GCC_PREPROCESSOR_DEFINITIONS = (
					"DEBUG=1",
					"$(inherited)",
				);
				GCC_WARN_64_TO_32_BIT_CONVERSION = YES;
				GCC_WARN_ABOUT_RETURN_TYPE = YES_ERROR;
				GCC_WARN_UNDECLARED_SELECTOR = YES;
				GCC_WARN_UNINITIALIZED_AUTOS = YES_AGGRESSIVE;
				GCC_WARN_UNUSED_FUNCTION = YES;
				GCC_WARN_UNUSED_VARIABLE = YES;
				IPHONEOS_DEPLOYMENT_TARGET = 17.5;
				LOCALIZATION_PREFERS_STRING_CATALOGS = YES;
				MTL_ENABLE_DEBUG_INFO = INCLUDE_SOURCE;
				MTL_FAST_MATH = YES;
				ONLY_ACTIVE_ARCH = YES;
				SDKROOT = iphoneos;
				SWIFT_ACTIVE_COMPILATION_CONDITIONS = "DEBUG $(inherited)";
				SWIFT_OPTIMIZATION_LEVEL = "-Onone";
			};
			name = Debug;
		};
		EB3F29B42C634EBD005FADA8 /* Release */ = {
			isa = XCBuildConfiguration;
			buildSettings = {
				ALWAYS_SEARCH_USER_PATHS = NO;
				ASSETCATALOG_COMPILER_GENERATE_SWIFT_ASSET_SYMBOL_EXTENSIONS = YES;
				CLANG_ANALYZER_NONNULL = YES;
				CLANG_ANALYZER_NUMBER_OBJECT_CONVERSION = YES_AGGRESSIVE;
				CLANG_CXX_LANGUAGE_STANDARD = "gnu++20";
				CLANG_ENABLE_MODULES = YES;
				CLANG_ENABLE_OBJC_ARC = YES;
				CLANG_ENABLE_OBJC_WEAK = YES;
				CLANG_WARN_BLOCK_CAPTURE_AUTORELEASING = YES;
				CLANG_WARN_BOOL_CONVERSION = YES;
				CLANG_WARN_COMMA = YES;
				CLANG_WARN_CONSTANT_CONVERSION = YES;
				CLANG_WARN_DEPRECATED_OBJC_IMPLEMENTATIONS = YES;
				CLANG_WARN_DIRECT_OBJC_ISA_USAGE = YES_ERROR;
				CLANG_WARN_DOCUMENTATION_COMMENTS = YES;
				CLANG_WARN_EMPTY_BODY = YES;
				CLANG_WARN_ENUM_CONVERSION = YES;
				CLANG_WARN_INFINITE_RECURSION = YES;
				CLANG_WARN_INT_CONVERSION = YES;
				CLANG_WARN_NON_LITERAL_NULL_CONVERSION = YES;
				CLANG_WARN_OBJC_IMPLICIT_RETAIN_SELF = YES;
				CLANG_WARN_OBJC_LITERAL_CONVERSION = YES;
				CLANG_WARN_OBJC_ROOT_CLASS = YES_ERROR;
				CLANG_WARN_QUOTED_INCLUDE_IN_FRAMEWORK_HEADER = YES;
				CLANG_WARN_RANGE_LOOP_ANALYSIS = YES;
				CLANG_WARN_STRICT_PROTOTYPES = YES;
				CLANG_WARN_SUSPICIOUS_MOVE = YES;
				CLANG_WARN_UNGUARDED_AVAILABILITY = YES_AGGRESSIVE;
				CLANG_WARN_UNREACHABLE_CODE = YES;
				CLANG_WARN__DUPLICATE_METHOD_MATCH = YES;
				COPY_PHASE_STRIP = NO;
				DEBUG_INFORMATION_FORMAT = "dwarf-with-dsym";
				ENABLE_NS_ASSERTIONS = NO;
				ENABLE_STRICT_OBJC_MSGSEND = YES;
				ENABLE_USER_SCRIPT_SANDBOXING = YES;
				GCC_C_LANGUAGE_STANDARD = gnu17;
				GCC_NO_COMMON_BLOCKS = YES;
				GCC_WARN_64_TO_32_BIT_CONVERSION = YES;
				GCC_WARN_ABOUT_RETURN_TYPE = YES_ERROR;
				GCC_WARN_UNDECLARED_SELECTOR = YES;
				GCC_WARN_UNINITIALIZED_AUTOS = YES_AGGRESSIVE;
				GCC_WARN_UNUSED_FUNCTION = YES;
				GCC_WARN_UNUSED_VARIABLE = YES;
				IPHONEOS_DEPLOYMENT_TARGET = 17.5;
				LOCALIZATION_PREFERS_STRING_CATALOGS = YES;
				MTL_ENABLE_DEBUG_INFO = NO;
				MTL_FAST_MATH = YES;
				SDKROOT = iphoneos;
				SWIFT_COMPILATION_MODE = wholemodule;
				VALIDATE_PRODUCT = YES;
			};
			name = Release;
		};
		EB3F29B62C634EBD005FADA8 /* Debug */ = {
			isa = XCBuildConfiguration;
			baseConfigurationReference = 29558F6C69B57D7453DD3E64 /* Pods-TahalufTask.debug.xcconfig */;
			buildSettings = {
				ASSETCATALOG_COMPILER_APPICON_NAME = AppIcon;
				ASSETCATALOG_COMPILER_GLOBAL_ACCENT_COLOR_NAME = AccentColor;
				CODE_SIGN_STYLE = Automatic;
				CURRENT_PROJECT_VERSION = 1;
				ENABLE_USER_SCRIPT_SANDBOXING = NO;
				GENERATE_INFOPLIST_FILE = YES;
				INFOPLIST_FILE = TahalufTask/Info.plist;
				INFOPLIST_KEY_UIApplicationSupportsIndirectInputEvents = YES;
				INFOPLIST_KEY_UILaunchStoryboardName = LaunchScreen;
				INFOPLIST_KEY_UIMainStoryboardFile = Main;
				INFOPLIST_KEY_UISupportedInterfaceOrientations_iPad = "UIInterfaceOrientationPortrait UIInterfaceOrientationPortraitUpsideDown UIInterfaceOrientationLandscapeLeft UIInterfaceOrientationLandscapeRight";
				INFOPLIST_KEY_UISupportedInterfaceOrientations_iPhone = "UIInterfaceOrientationPortrait UIInterfaceOrientationLandscapeLeft UIInterfaceOrientationLandscapeRight";
				LD_RUNPATH_SEARCH_PATHS = (
					"$(inherited)",
					"@executable_path/Frameworks",
				);
				MARKETING_VERSION = 1.0;
				PRODUCT_BUNDLE_IDENTIFIER = com.charanjit.TahalufTask;
				PRODUCT_NAME = "$(TARGET_NAME)";
				SWIFT_EMIT_LOC_STRINGS = YES;
				SWIFT_VERSION = 5.0;
				TARGETED_DEVICE_FAMILY = "1,2";
			};
			name = Debug;
		};
		EB3F29B72C634EBD005FADA8 /* Release */ = {
			isa = XCBuildConfiguration;
			baseConfigurationReference = AA6F04EE8255138806630AD4 /* Pods-TahalufTask.release.xcconfig */;
			buildSettings = {
				ASSETCATALOG_COMPILER_APPICON_NAME = AppIcon;
				ASSETCATALOG_COMPILER_GLOBAL_ACCENT_COLOR_NAME = AccentColor;
				CODE_SIGN_STYLE = Automatic;
				CURRENT_PROJECT_VERSION = 1;
				ENABLE_USER_SCRIPT_SANDBOXING = NO;
				GENERATE_INFOPLIST_FILE = YES;
				INFOPLIST_FILE = TahalufTask/Info.plist;
				INFOPLIST_KEY_UIApplicationSupportsIndirectInputEvents = YES;
				INFOPLIST_KEY_UILaunchStoryboardName = LaunchScreen;
				INFOPLIST_KEY_UIMainStoryboardFile = Main;
				INFOPLIST_KEY_UISupportedInterfaceOrientations_iPad = "UIInterfaceOrientationPortrait UIInterfaceOrientationPortraitUpsideDown UIInterfaceOrientationLandscapeLeft UIInterfaceOrientationLandscapeRight";
				INFOPLIST_KEY_UISupportedInterfaceOrientations_iPhone = "UIInterfaceOrientationPortrait UIInterfaceOrientationLandscapeLeft UIInterfaceOrientationLandscapeRight";
				LD_RUNPATH_SEARCH_PATHS = (
					"$(inherited)",
					"@executable_path/Frameworks",
				);
				MARKETING_VERSION = 1.0;
				PRODUCT_BUNDLE_IDENTIFIER = com.charanjit.TahalufTask;
				PRODUCT_NAME = "$(TARGET_NAME)";
				SWIFT_EMIT_LOC_STRINGS = YES;
				SWIFT_VERSION = 5.0;
				TARGETED_DEVICE_FAMILY = "1,2";
			};
			name = Release;
		};
		EB3F29B92C634EBD005FADA8 /* Debug */ = {
			isa = XCBuildConfiguration;
			baseConfigurationReference = F308EAB34A5C55AF89C5FDF9 /* Pods-TahalufTaskTests.debug.xcconfig */;
			buildSettings = {
				ALWAYS_EMBED_SWIFT_STANDARD_LIBRARIES = YES;
				BUNDLE_LOADER = "$(TEST_HOST)";
				CODE_SIGN_STYLE = Automatic;
				CURRENT_PROJECT_VERSION = 1;
				GENERATE_INFOPLIST_FILE = YES;
				IPHONEOS_DEPLOYMENT_TARGET = 17.5;
				MARKETING_VERSION = 1.0;
				PRODUCT_BUNDLE_IDENTIFIER = com.charanjit.TahalufTaskTests;
				PRODUCT_NAME = "$(TARGET_NAME)";
				SWIFT_EMIT_LOC_STRINGS = NO;
				SWIFT_VERSION = 5.0;
				TARGETED_DEVICE_FAMILY = "1,2";
				TEST_HOST = "$(BUILT_PRODUCTS_DIR)/TahalufTask.app/$(BUNDLE_EXECUTABLE_FOLDER_PATH)/TahalufTask";
			};
			name = Debug;
		};
		EB3F29BA2C634EBD005FADA8 /* Release */ = {
			isa = XCBuildConfiguration;
			baseConfigurationReference = 2AC9CC299EDCB5B31F3CAA22 /* Pods-TahalufTaskTests.release.xcconfig */;
			buildSettings = {
				ALWAYS_EMBED_SWIFT_STANDARD_LIBRARIES = YES;
				BUNDLE_LOADER = "$(TEST_HOST)";
				CODE_SIGN_STYLE = Automatic;
				CURRENT_PROJECT_VERSION = 1;
				GENERATE_INFOPLIST_FILE = YES;
				IPHONEOS_DEPLOYMENT_TARGET = 17.5;
				MARKETING_VERSION = 1.0;
				PRODUCT_BUNDLE_IDENTIFIER = com.charanjit.TahalufTaskTests;
				PRODUCT_NAME = "$(TARGET_NAME)";
				SWIFT_EMIT_LOC_STRINGS = NO;
				SWIFT_VERSION = 5.0;
				TARGETED_DEVICE_FAMILY = "1,2";
				TEST_HOST = "$(BUILT_PRODUCTS_DIR)/TahalufTask.app/$(BUNDLE_EXECUTABLE_FOLDER_PATH)/TahalufTask";
			};
			name = Release;
		};
		EB3F29BC2C634EBD005FADA8 /* Debug */ = {
			isa = XCBuildConfiguration;
			baseConfigurationReference = 3CC270F1FEF256B1910EC981 /* Pods-TahalufTask-TahalufTaskUITests.debug.xcconfig */;
			buildSettings = {
				ALWAYS_EMBED_SWIFT_STANDARD_LIBRARIES = YES;
				CODE_SIGN_STYLE = Automatic;
				CURRENT_PROJECT_VERSION = 1;
				GENERATE_INFOPLIST_FILE = YES;
				MARKETING_VERSION = 1.0;
				PRODUCT_BUNDLE_IDENTIFIER = com.charanjit.TahalufTaskUITests;
				PRODUCT_NAME = "$(TARGET_NAME)";
				SWIFT_EMIT_LOC_STRINGS = NO;
				SWIFT_VERSION = 5.0;
				TARGETED_DEVICE_FAMILY = "1,2";
				TEST_TARGET_NAME = TahalufTask;
			};
			name = Debug;
		};
		EB3F29BD2C634EBD005FADA8 /* Release */ = {
			isa = XCBuildConfiguration;
			baseConfigurationReference = FEB739FAD3221F8BC0C7FE6A /* Pods-TahalufTask-TahalufTaskUITests.release.xcconfig */;
			buildSettings = {
				ALWAYS_EMBED_SWIFT_STANDARD_LIBRARIES = YES;
				CODE_SIGN_STYLE = Automatic;
				CURRENT_PROJECT_VERSION = 1;
				GENERATE_INFOPLIST_FILE = YES;
				MARKETING_VERSION = 1.0;
				PRODUCT_BUNDLE_IDENTIFIER = com.charanjit.TahalufTaskUITests;
				PRODUCT_NAME = "$(TARGET_NAME)";
				SWIFT_EMIT_LOC_STRINGS = NO;
				SWIFT_VERSION = 5.0;
				TARGETED_DEVICE_FAMILY = "1,2";
				TEST_TARGET_NAME = TahalufTask;
			};
			name = Release;
		};
/* End XCBuildConfiguration section */

/* Begin XCConfigurationList section */
		EB3F29862C634EBB005FADA8 /* Build configuration list for PBXProject "TahalufTask" */ = {
			isa = XCConfigurationList;
			buildConfigurations = (
				EB3F29B32C634EBD005FADA8 /* Debug */,
				EB3F29B42C634EBD005FADA8 /* Release */,
			);
			defaultConfigurationIsVisible = 0;
			defaultConfigurationName = Release;
		};
		EB3F29B52C634EBD005FADA8 /* Build configuration list for PBXNativeTarget "TahalufTask" */ = {
			isa = XCConfigurationList;
			buildConfigurations = (
				EB3F29B62C634EBD005FADA8 /* Debug */,
				EB3F29B72C634EBD005FADA8 /* Release */,
			);
			defaultConfigurationIsVisible = 0;
			defaultConfigurationName = Release;
		};
		EB3F29B82C634EBD005FADA8 /* Build configuration list for PBXNativeTarget "TahalufTaskTests" */ = {
			isa = XCConfigurationList;
			buildConfigurations = (
				EB3F29B92C634EBD005FADA8 /* Debug */,
				EB3F29BA2C634EBD005FADA8 /* Release */,
			);
			defaultConfigurationIsVisible = 0;
			defaultConfigurationName = Release;
		};
		EB3F29BB2C634EBD005FADA8 /* Build configuration list for PBXNativeTarget "TahalufTaskUITests" */ = {
			isa = XCConfigurationList;
			buildConfigurations = (
				EB3F29BC2C634EBD005FADA8 /* Debug */,
				EB3F29BD2C634EBD005FADA8 /* Release */,
			);
			defaultConfigurationIsVisible = 0;
			defaultConfigurationName = Release;
		};
/* End XCConfigurationList section */
	};
	rootObject = EB3F29832C634EBB005FADA8 /* Project object */;
}
